// !$*UTF8*$!
{
	archiveVersion = 1;
	classes = {
	};
	objectVersion = 77;
	objects = {

/* Begin PBXBuildFile section */
		604540D12ED91C1B0025919E /* FirebaseAuth in Frameworks */ = {isa = PBXBuildFile; productRef = 604540D02ED91C1B0025919E /* FirebaseAuth */; };
		604540D32ED91CF30025919E /* FirebaseFirestore in Frameworks */ = {isa = PBXBuildFile; productRef = 604540D22ED91CF30025919E /* FirebaseFirestore */; };
		604E1D1E2EDBE306009D3638 /* FirebaseStorage in Frameworks */ = {isa = PBXBuildFile; productRef = 604E1D1D2EDBE306009D3638 /* FirebaseStorage */; };
/* End PBXBuildFile section */

/* Begin PBXContainerItemProxy section */
		60988D962ED90C7E005C5E6E /* PBXContainerItemProxy */ = {
			isa = PBXContainerItemProxy;
			containerPortal = 60988D802ED90C7A005C5E6E /* Project object */;
			proxyType = 1;
			remoteGlobalIDString = 60988D872ED90C7A005C5E6E;
			remoteInfo = "CarCare+";
		};
		60988DA02ED90C7E005C5E6E /* PBXContainerItemProxy */ = {
			isa = PBXContainerItemProxy;
			containerPortal = 60988D802ED90C7A005C5E6E /* Project object */;
			proxyType = 1;
			remoteGlobalIDString = 60988D872ED90C7A005C5E6E;
			remoteInfo = "CarCare+";
		};
/* End PBXContainerItemProxy section */

/* Begin PBXFileReference section */
		60988D882ED90C7A005C5E6E /* CarCare.app */ = {isa = PBXFileReference; explicitFileType = wrapper.application; includeInIndex = 0; path = CarCare.app; sourceTree = BUILT_PRODUCTS_DIR; };
		60988D952ED90C7E005C5E6E /* CarCareTests.xctest */ = {isa = PBXFileReference; explicitFileType = wrapper.cfbundle; includeInIndex = 0; path = CarCareTests.xctest; sourceTree = BUILT_PRODUCTS_DIR; };
		60988D9F2ED90C7E005C5E6E /* CarCareUITests.xctest */ = {isa = PBXFileReference; explicitFileType = wrapper.cfbundle; includeInIndex = 0; path = CarCareUITests.xctest; sourceTree = BUILT_PRODUCTS_DIR; };
/* End PBXFileReference section */

/* Begin PBXFileSystemSynchronizedRootGroup section */
		60988D8A2ED90C7A005C5E6E /* CarCare */ = {
			isa = PBXFileSystemSynchronizedRootGroup;
			path = CarCare;
			sourceTree = "<group>";
		};
		60988D982ED90C7E005C5E6E /* CarCareTests */ = {
			isa = PBXFileSystemSynchronizedRootGroup;
			path = CarCareTests;
			sourceTree = "<group>";
		};
		60988DA22ED90C7E005C5E6E /* CarCareUITests */ = {
			isa = PBXFileSystemSynchronizedRootGroup;
			path = CarCareUITests;
			sourceTree = "<group>";
		};
/* End PBXFileSystemSynchronizedRootGroup section */

/* Begin PBXFrameworksBuildPhase section */
		60988D852ED90C7A005C5E6E /* Frameworks */ = {
			isa = PBXFrameworksBuildPhase;
			buildActionMask = 2147483647;
			files = (
				604540D12ED91C1B0025919E /* FirebaseAuth in Frameworks */,
				604540D32ED91CF30025919E /* FirebaseFirestore in Frameworks */,
				604E1D1E2EDBE306009D3638 /* FirebaseStorage in Frameworks */,
			);
			runOnlyForDeploymentPostprocessing = 0;
		};
		60988D922ED90C7E005C5E6E /* Frameworks */ = {
			isa = PBXFrameworksBuildPhase;
			buildActionMask = 2147483647;
			files = (
			);
			runOnlyForDeploymentPostprocessing = 0;
		};
		60988D9C2ED90C7E005C5E6E /* Frameworks */ = {
			isa = PBXFrameworksBuildPhase;
			buildActionMask = 2147483647;
			files = (
			);
			runOnlyForDeploymentPostprocessing = 0;
		};
/* End PBXFrameworksBuildPhase section */

/* Begin PBXGroup section */
		604540CF2ED91C1B0025919E /* Frameworks */ = {
			isa = PBXGroup;
			children = (
			);
			name = Frameworks;
			sourceTree = "<group>";
		};
		60988D7F2ED90C7A005C5E6E = {
			isa = PBXGroup;
			children = (
				60988D8A2ED90C7A005C5E6E /* CarCare */,
				60988D982ED90C7E005C5E6E /* CarCareTests */,
				60988DA22ED90C7E005C5E6E /* CarCareUITests */,
				604540CF2ED91C1B0025919E /* Frameworks */,
				60988D892ED90C7A005C5E6E /* Products */,
			);
			sourceTree = "<group>";
		};
		60988D892ED90C7A005C5E6E /* Products */ = {
			isa = PBXGroup;
			children = (
				60988D882ED90C7A005C5E6E /* CarCare.app */,
				60988D952ED90C7E005C5E6E /* CarCareTests.xctest */,
				60988D9F2ED90C7E005C5E6E /* CarCareUITests.xctest */,
			);
			name = Products;
			sourceTree = "<group>";
		};
/* End PBXGroup section */

/* Begin PBXNativeTarget section */
		60988D872ED90C7A005C5E6E /* CarCare */ = {
			isa = PBXNativeTarget;
			buildConfigurationList = 60988DA92ED90C7E005C5E6E /* Build configuration list for PBXNativeTarget "CarCare" */;
			buildPhases = (
				60988D842ED90C7A005C5E6E /* Sources */,
				60988D852ED90C7A005C5E6E /* Frameworks */,
				60988D862ED90C7A005C5E6E /* Resources */,
			);
			buildRules = (
			);
			dependencies = (
			);
			fileSystemSynchronizedGroups = (
				60988D8A2ED90C7A005C5E6E /* CarCare */,
			);
			name = CarCare;
			packageProductDependencies = (
				604540D02ED91C1B0025919E /* FirebaseAuth */,
				604540D22ED91CF30025919E /* FirebaseFirestore */,
				604E1D1D2EDBE306009D3638 /* FirebaseStorage */,
			);
			productName = "CarCare+";
			productReference = 60988D882ED90C7A005C5E6E /* CarCare.app */;
			productType = "com.apple.product-type.application";
		};
		60988D942ED90C7E005C5E6E /* CarCareTests */ = {
			isa = PBXNativeTarget;
			buildConfigurationList = 60988DAC2ED90C7E005C5E6E /* Build configuration list for PBXNativeTarget "CarCareTests" */;
			buildPhases = (
				60988D912ED90C7E005C5E6E /* Sources */,
				60988D922ED90C7E005C5E6E /* Frameworks */,
				60988D932ED90C7E005C5E6E /* Resources */,
			);
			buildRules = (
			);
			dependencies = (
				60988D972ED90C7E005C5E6E /* PBXTargetDependency */,
			);
			fileSystemSynchronizedGroups = (
				60988D982ED90C7E005C5E6E /* CarCareTests */,
			);
			name = CarCareTests;
			packageProductDependencies = (
			);
			productName = "CarCare+Tests";
			productReference = 60988D952ED90C7E005C5E6E /* CarCareTests.xctest */;
			productType = "com.apple.product-type.bundle.unit-test";
		};
		60988D9E2ED90C7E005C5E6E /* CarCareUITests */ = {
			isa = PBXNativeTarget;
			buildConfigurationList = 60988DAF2ED90C7E005C5E6E /* Build configuration list for PBXNativeTarget "CarCareUITests" */;
			buildPhases = (
				60988D9B2ED90C7E005C5E6E /* Sources */,
				60988D9C2ED90C7E005C5E6E /* Frameworks */,
				60988D9D2ED90C7E005C5E6E /* Resources */,
			);
			buildRules = (
			);
			dependencies = (
				60988DA12ED90C7E005C5E6E /* PBXTargetDependency */,
			);
			fileSystemSynchronizedGroups = (
				60988DA22ED90C7E005C5E6E /* CarCareUITests */,
			);
			name = CarCareUITests;
			packageProductDependencies = (
			);
			productName = "CarCare+UITests";
			productReference = 60988D9F2ED90C7E005C5E6E /* CarCareUITests.xctest */;
			productType = "com.apple.product-type.bundle.ui-testing";
		};
/* End PBXNativeTarget section */

/* Begin PBXProject section */
		60988D802ED90C7A005C5E6E /* Project object */ = {
			isa = PBXProject;
			attributes = {
				BuildIndependentTargetsInParallel = 1;
				LastSwiftUpdateCheck = 2610;
				LastUpgradeCheck = 2610;
				TargetAttributes = {
					60988D872ED90C7A005C5E6E = {
						CreatedOnToolsVersion = 26.1;
					};
					60988D942ED90C7E005C5E6E = {
						CreatedOnToolsVersion = 26.1;
						TestTargetID = 60988D872ED90C7A005C5E6E;
					};
					60988D9E2ED90C7E005C5E6E = {
						CreatedOnToolsVersion = 26.1;
						TestTargetID = 60988D872ED90C7A005C5E6E;
					};
				};
			};
			buildConfigurationList = 60988D832ED90C7A005C5E6E /* Build configuration list for PBXProject "CarCare" */;
			developmentRegion = en;
			hasScannedForEncodings = 0;
			knownRegions = (
				en,
				Base,
			);
			mainGroup = 60988D7F2ED90C7A005C5E6E;
			minimizedProjectReferenceProxies = 1;
			packageReferences = (
				60988DBA2ED915F5005C5E6E /* XCRemoteSwiftPackageReference "firebase-ios-sdk" */,
			);
			preferredProjectObjectVersion = 77;
			productRefGroup = 60988D892ED90C7A005C5E6E /* Products */;
			projectDirPath = "";
			projectRoot = "";
			targets = (
				60988D872ED90C7A005C5E6E /* CarCare */,
				60988D942ED90C7E005C5E6E /* CarCareTests */,
				60988D9E2ED90C7E005C5E6E /* CarCareUITests */,
			);
		};
/* End PBXProject section */

/* Begin PBXResourcesBuildPhase section */
		60988D862ED90C7A005C5E6E /* Resources */ = {
			isa = PBXResourcesBuildPhase;
			buildActionMask = 2147483647;
			files = (
			);
			runOnlyForDeploymentPostprocessing = 0;
		};
		60988D932ED90C7E005C5E6E /* Resources */ = {
			isa = PBXResourcesBuildPhase;
			buildActionMask = 2147483647;
			files = (
			);
			runOnlyForDeploymentPostprocessing = 0;
		};
		60988D9D2ED90C7E005C5E6E /* Resources */ = {
			isa = PBXResourcesBuildPhase;
			buildActionMask = 2147483647;
			files = (
			);
			runOnlyForDeploymentPostprocessing = 0;
		};
/* End PBXResourcesBuildPhase section */

/* Begin PBXSourcesBuildPhase section */
		60988D842ED90C7A005C5E6E /* Sources */ = {
			isa = PBXSourcesBuildPhase;
			buildActionMask = 2147483647;
			files = (
			);
			runOnlyForDeploymentPostprocessing = 0;
		};
		60988D912ED90C7E005C5E6E /* Sources */ = {
			isa = PBXSourcesBuildPhase;
			buildActionMask = 2147483647;
			files = (
			);
			runOnlyForDeploymentPostprocessing = 0;
		};
		60988D9B2ED90C7E005C5E6E /* Sources */ = {
			isa = PBXSourcesBuildPhase;
			buildActionMask = 2147483647;
			files = (
			);
			runOnlyForDeploymentPostprocessing = 0;
		};
/* End PBXSourcesBuildPhase section */

/* Begin PBXTargetDependency section */
		60988D972ED90C7E005C5E6E /* PBXTargetDependency */ = {
			isa = PBXTargetDependency;
			target = 60988D872ED90C7A005C5E6E /* CarCare */;
			targetProxy = 60988D962ED90C7E005C5E6E /* PBXContainerItemProxy */;
		};
		60988DA12ED90C7E005C5E6E /* PBXTargetDependency */ = {
			isa = PBXTargetDependency;
			target = 60988D872ED90C7A005C5E6E /* CarCare */;
			targetProxy = 60988DA02ED90C7E005C5E6E /* PBXContainerItemProxy */;
		};
/* End PBXTargetDependency section */

/* Begin XCBuildConfiguration section */
		60988DA72ED90C7E005C5E6E /* Debug */ = {
			isa = XCBuildConfiguration;
			buildSettings = {
				ALWAYS_SEARCH_USER_PATHS = NO;
				ASSETCATALOG_COMPILER_GENERATE_SWIFT_ASSET_SYMBOL_EXTENSIONS = YES;
				CLANG_ANALYZER_NONNULL = YES;
				CLANG_ANALYZER_NUMBER_OBJECT_CONVERSION = YES_AGGRESSIVE;
				CLANG_CXX_LANGUAGE_STANDARD = "gnu++20";
				CLANG_ENABLE_MODULES = YES;
				CLANG_ENABLE_OBJC_ARC = YES;
				CLANG_ENABLE_OBJC_WEAK = YES;
				CLANG_WARN_BLOCK_CAPTURE_AUTORELEASING = YES;
				CLANG_WARN_BOOL_CONVERSION = YES;
				CLANG_WARN_COMMA = YES;
				CLANG_WARN_CONSTANT_CONVERSION = YES;
				CLANG_WARN_DEPRECATED_OBJC_IMPLEMENTATIONS = YES;
				CLANG_WARN_DIRECT_OBJC_ISA_USAGE = YES_ERROR;
				CLANG_WARN_DOCUMENTATION_COMMENTS = YES;
				CLANG_WARN_EMPTY_BODY = YES;
				CLANG_WARN_ENUM_CONVERSION = YES;
				CLANG_WARN_INFINITE_RECURSION = YES;
				CLANG_WARN_INT_CONVERSION = YES;
				CLANG_WARN_NON_LITERAL_NULL_CONVERSION = YES;
				CLANG_WARN_OBJC_IMPLICIT_RETAIN_SELF = YES;
				CLANG_WARN_OBJC_LITERAL_CONVERSION = YES;
				CLANG_WARN_OBJC_ROOT_CLASS = YES_ERROR;
				CLANG_WARN_QUOTED_INCLUDE_IN_FRAMEWORK_HEADER = YES;
				CLANG_WARN_RANGE_LOOP_ANALYSIS = YES;
				CLANG_WARN_STRICT_PROTOTYPES = YES;
				CLANG_WARN_SUSPICIOUS_MOVE = YES;
				CLANG_WARN_UNGUARDED_AVAILABILITY = YES_AGGRESSIVE;
				CLANG_WARN_UNREACHABLE_CODE = YES;
				CLANG_WARN__DUPLICATE_METHOD_MATCH = YES;
				COPY_PHASE_STRIP = NO;
				DEBUG_INFORMATION_FORMAT = dwarf;
				ENABLE_STRICT_OBJC_MSGSEND = YES;
				ENABLE_TESTABILITY = YES;
				ENABLE_USER_SCRIPT_SANDBOXING = YES;
				GCC_C_LANGUAGE_STANDARD = gnu17;
				GCC_DYNAMIC_NO_PIC = NO;
				GCC_NO_COMMON_BLOCKS = YES;
				GCC_OPTIMIZATION_LEVEL = 0;
				GCC_PREPROCESSOR_DEFINITIONS = (
					"DEBUG=1",
					"$(inherited)",
				);
				GCC_WARN_64_TO_32_BIT_CONVERSION = YES;
				GCC_WARN_ABOUT_RETURN_TYPE = YES_ERROR;
				GCC_WARN_UNDECLARED_SELECTOR = YES;
				GCC_WARN_UNINITIALIZED_AUTOS = YES_AGGRESSIVE;
				GCC_WARN_UNUSED_FUNCTION = YES;
				GCC_WARN_UNUSED_VARIABLE = YES;
				IPHONEOS_DEPLOYMENT_TARGET = 18.6;
				LOCALIZATION_PREFERS_STRING_CATALOGS = YES;
				MTL_ENABLE_DEBUG_INFO = INCLUDE_SOURCE;
				MTL_FAST_MATH = YES;
				ONLY_ACTIVE_ARCH = YES;
				SDKROOT = iphoneos;
				SWIFT_ACTIVE_COMPILATION_CONDITIONS = "DEBUG $(inherited)";
				SWIFT_OPTIMIZATION_LEVEL = "-Onone";
			};
			name = Debug;
		};
		60988DA82ED90C7E005C5E6E /* Release */ = {
			isa = XCBuildConfiguration;
			buildSettings = {
				ALWAYS_SEARCH_USER_PATHS = NO;
				ASSETCATALOG_COMPILER_GENERATE_SWIFT_ASSET_SYMBOL_EXTENSIONS = YES;
				CLANG_ANALYZER_NONNULL = YES;
				CLANG_ANALYZER_NUMBER_OBJECT_CONVERSION = YES_AGGRESSIVE;
				CLANG_CXX_LANGUAGE_STANDARD = "gnu++20";
				CLANG_ENABLE_MODULES = YES;
				CLANG_ENABLE_OBJC_ARC = YES;
				CLANG_ENABLE_OBJC_WEAK = YES;
				CLANG_WARN_BLOCK_CAPTURE_AUTORELEASING = YES;
				CLANG_WARN_BOOL_CONVERSION = YES;
				CLANG_WARN_COMMA = YES;
				CLANG_WARN_CONSTANT_CONVERSION = YES;
				CLANG_WARN_DEPRECATED_OBJC_IMPLEMENTATIONS = YES;
				CLANG_WARN_DIRECT_OBJC_ISA_USAGE = YES_ERROR;
				CLANG_WARN_DOCUMENTATION_COMMENTS = YES;
				CLANG_WARN_EMPTY_BODY = YES;
				CLANG_WARN_ENUM_CONVERSION = YES;
				CLANG_WARN_INFINITE_RECURSION = YES;
				CLANG_WARN_INT_CONVERSION = YES;
				CLANG_WARN_NON_LITERAL_NULL_CONVERSION = YES;
				CLANG_WARN_OBJC_IMPLICIT_RETAIN_SELF = YES;
				CLANG_WARN_OBJC_LITERAL_CONVERSION = YES;
				CLANG_WARN_OBJC_ROOT_CLASS = YES_ERROR;
				CLANG_WARN_QUOTED_INCLUDE_IN_FRAMEWORK_HEADER = YES;
				CLANG_WARN_RANGE_LOOP_ANALYSIS = YES;
				CLANG_WARN_STRICT_PROTOTYPES = YES;
				CLANG_WARN_SUSPICIOUS_MOVE = YES;
				CLANG_WARN_UNGUARDED_AVAILABILITY = YES_AGGRESSIVE;
				CLANG_WARN_UNREACHABLE_CODE = YES;
				CLANG_WARN__DUPLICATE_METHOD_MATCH = YES;
				COPY_PHASE_STRIP = NO;
				DEBUG_INFORMATION_FORMAT = "dwarf-with-dsym";
				ENABLE_NS_ASSERTIONS = NO;
				ENABLE_STRICT_OBJC_MSGSEND = YES;
				ENABLE_USER_SCRIPT_SANDBOXING = YES;
				GCC_C_LANGUAGE_STANDARD = gnu17;
				GCC_NO_COMMON_BLOCKS = YES;
				GCC_WARN_64_TO_32_BIT_CONVERSION = YES;
				GCC_WARN_ABOUT_RETURN_TYPE = YES_ERROR;
				GCC_WARN_UNDECLARED_SELECTOR = YES;
				GCC_WARN_UNINITIALIZED_AUTOS = YES_AGGRESSIVE;
				GCC_WARN_UNUSED_FUNCTION = YES;
				GCC_WARN_UNUSED_VARIABLE = YES;
				IPHONEOS_DEPLOYMENT_TARGET = 18.6;
				LOCALIZATION_PREFERS_STRING_CATALOGS = YES;
				MTL_ENABLE_DEBUG_INFO = NO;
				MTL_FAST_MATH = YES;
				SDKROOT = iphoneos;
				SWIFT_COMPILATION_MODE = wholemodule;
				VALIDATE_PRODUCT = YES;
			};
			name = Release;
		};
		60988DAA2ED90C7E005C5E6E /* Debug */ = {
			isa = XCBuildConfiguration;
			buildSettings = {
				ASSETCATALOG_COMPILER_APPICON_NAME = AppIcon;
				ASSETCATALOG_COMPILER_GLOBAL_ACCENT_COLOR_NAME = AccentColor;
				CODE_SIGN_STYLE = Automatic;
				CURRENT_PROJECT_VERSION = 1;
				DEVELOPMENT_TEAM = H2GVX7PKM7;
				ENABLE_PREVIEWS = YES;
				GENERATE_INFOPLIST_FILE = YES;
				INFOPLIST_KEY_UIApplicationSceneManifest_Generation = YES;
				INFOPLIST_KEY_UIApplicationSupportsIndirectInputEvents = YES;
				INFOPLIST_KEY_UILaunchScreen_Generation = YES;
				INFOPLIST_KEY_UISupportedInterfaceOrientations_iPad = "UIInterfaceOrientationPortrait UIInterfaceOrientationPortraitUpsideDown UIInterfaceOrientationLandscapeLeft UIInterfaceOrientationLandscapeRight";
				INFOPLIST_KEY_UISupportedInterfaceOrientations_iPhone = "UIInterfaceOrientationPortrait UIInterfaceOrientationLandscapeLeft UIInterfaceOrientationLandscapeRight";
				LD_RUNPATH_SEARCH_PATHS = (
					"$(inherited)",
					"@executable_path/Frameworks",
				);
				MARKETING_VERSION = 1.0;
				PRODUCT_BUNDLE_IDENTIFIER = com.gnembhard.CarCare;
				PRODUCT_NAME = "$(TARGET_NAME)";
				STRING_CATALOG_GENERATE_SYMBOLS = YES;
				SWIFT_APPROACHABLE_CONCURRENCY = YES;
				SWIFT_DEFAULT_ACTOR_ISOLATION = MainActor;
				SWIFT_EMIT_LOC_STRINGS = YES;
				SWIFT_UPCOMING_FEATURE_MEMBER_IMPORT_VISIBILITY = YES;
				SWIFT_VERSION = 5.0;
				TARGETED_DEVICE_FAMILY = "1,2";
			};
			name = Debug;
		};
		60988DAB2ED90C7E005C5E6E /* Release */ = {
			isa = XCBuildConfiguration;
			buildSettings = {
				ASSETCATALOG_COMPILER_APPICON_NAME = AppIcon;
				ASSETCATALOG_COMPILER_GLOBAL_ACCENT_COLOR_NAME = AccentColor;
				CODE_SIGN_STYLE = Automatic;
				CURRENT_PROJECT_VERSION = 1;
				DEVELOPMENT_TEAM = H2GVX7PKM7;
				ENABLE_PREVIEWS = YES;
				GENERATE_INFOPLIST_FILE = YES;
				INFOPLIST_KEY_UIApplicationSceneManifest_Generation = YES;
				INFOPLIST_KEY_UIApplicationSupportsIndirectInputEvents = YES;
				INFOPLIST_KEY_UILaunchScreen_Generation = YES;
				INFOPLIST_KEY_UISupportedInterfaceOrientations_iPad = "UIInterfaceOrientationPortrait UIInterfaceOrientationPortraitUpsideDown UIInterfaceOrientationLandscapeLeft UIInterfaceOrientationLandscapeRight";
				INFOPLIST_KEY_UISupportedInterfaceOrientations_iPhone = "UIInterfaceOrientationPortrait UIInterfaceOrientationLandscapeLeft UIInterfaceOrientationLandscapeRight";
				LD_RUNPATH_SEARCH_PATHS = (
					"$(inherited)",
					"@executable_path/Frameworks",
				);
				MARKETING_VERSION = 1.0;
				PRODUCT_BUNDLE_IDENTIFIER = com.gnembhard.CarCare;
				PRODUCT_NAME = "$(TARGET_NAME)";
				STRING_CATALOG_GENERATE_SYMBOLS = YES;
				SWIFT_APPROACHABLE_CONCURRENCY = YES;
				SWIFT_DEFAULT_ACTOR_ISOLATION = MainActor;
				SWIFT_EMIT_LOC_STRINGS = YES;
				SWIFT_UPCOMING_FEATURE_MEMBER_IMPORT_VISIBILITY = YES;
				SWIFT_VERSION = 5.0;
				TARGETED_DEVICE_FAMILY = "1,2";
			};
			name = Release;
		};
		60988DAD2ED90C7E005C5E6E /* Debug */ = {
			isa = XCBuildConfiguration;
			buildSettings = {
				BUNDLE_LOADER = "$(TEST_HOST)";
				CODE_SIGN_STYLE = Automatic;
				CURRENT_PROJECT_VERSION = 1;
				GENERATE_INFOPLIST_FILE = YES;
				IPHONEOS_DEPLOYMENT_TARGET = 18.6;
				MARKETING_VERSION = 1.0;
				PRODUCT_BUNDLE_IDENTIFIER = "com.gnembhard.CarCare-Tests";
				PRODUCT_NAME = "$(TARGET_NAME)";
				STRING_CATALOG_GENERATE_SYMBOLS = NO;
				SWIFT_APPROACHABLE_CONCURRENCY = YES;
				SWIFT_EMIT_LOC_STRINGS = NO;
				SWIFT_UPCOMING_FEATURE_MEMBER_IMPORT_VISIBILITY = YES;
				SWIFT_VERSION = 5.0;
				TARGETED_DEVICE_FAMILY = "1,2";
				TEST_HOST = "$(BUILT_PRODUCTS_DIR)/CarCare.app/$(BUNDLE_EXECUTABLE_FOLDER_PATH)/CarCare";
			};
			name = Debug;
		};
		60988DAE2ED90C7E005C5E6E /* Release */ = {
			isa = XCBuildConfiguration;
			buildSettings = {
				BUNDLE_LOADER = "$(TEST_HOST)";
				CODE_SIGN_STYLE = Automatic;
				CURRENT_PROJECT_VERSION = 1;
				GENERATE_INFOPLIST_FILE = YES;
				IPHONEOS_DEPLOYMENT_TARGET = 18.6;
				MARKETING_VERSION = 1.0;
				PRODUCT_BUNDLE_IDENTIFIER = "com.gnembhard.CarCare-Tests";
				PRODUCT_NAME = "$(TARGET_NAME)";
				STRING_CATALOG_GENERATE_SYMBOLS = NO;
				SWIFT_APPROACHABLE_CONCURRENCY = YES;
				SWIFT_EMIT_LOC_STRINGS = NO;
				SWIFT_UPCOMING_FEATURE_MEMBER_IMPORT_VISIBILITY = YES;
				SWIFT_VERSION = 5.0;
				TARGETED_DEVICE_FAMILY = "1,2";
				TEST_HOST = "$(BUILT_PRODUCTS_DIR)/CarCare.app/$(BUNDLE_EXECUTABLE_FOLDER_PATH)/CarCare";
			};
			name = Release;
		};
		60988DB02ED90C7E005C5E6E /* Debug */ = {
			isa = XCBuildConfiguration;
			buildSettings = {
				CODE_SIGN_STYLE = Automatic;
				CURRENT_PROJECT_VERSION = 1;
				GENERATE_INFOPLIST_FILE = YES;
				MARKETING_VERSION = 1.0;
				PRODUCT_BUNDLE_IDENTIFIER = "com.gnembhard.CarCare-UITests";
				PRODUCT_NAME = "$(TARGET_NAME)";
				STRING_CATALOG_GENERATE_SYMBOLS = NO;
				SWIFT_APPROACHABLE_CONCURRENCY = YES;
				SWIFT_EMIT_LOC_STRINGS = NO;
				SWIFT_UPCOMING_FEATURE_MEMBER_IMPORT_VISIBILITY = YES;
				SWIFT_VERSION = 5.0;
				TARGETED_DEVICE_FAMILY = "1,2";
				TEST_TARGET_NAME = "CarCare+";
			};
			name = Debug;
		};
		60988DB12ED90C7E005C5E6E /* Release */ = {
			isa = XCBuildConfiguration;
			buildSettings = {
				CODE_SIGN_STYLE = Automatic;
				CURRENT_PROJECT_VERSION = 1;
				GENERATE_INFOPLIST_FILE = YES;
				MARKETING_VERSION = 1.0;
				PRODUCT_BUNDLE_IDENTIFIER = "com.gnembhard.CarCare-UITests";
				PRODUCT_NAME = "$(TARGET_NAME)";
				STRING_CATALOG_GENERATE_SYMBOLS = NO;
				SWIFT_APPROACHABLE_CONCURRENCY = YES;
				SWIFT_EMIT_LOC_STRINGS = NO;
				SWIFT_UPCOMING_FEATURE_MEMBER_IMPORT_VISIBILITY = YES;
				SWIFT_VERSION = 5.0;
				TARGETED_DEVICE_FAMILY = "1,2";
				TEST_TARGET_NAME = "CarCare+";
			};
			name = Release;
		};
/* End XCBuildConfiguration section */

/* Begin XCConfigurationList section */
		60988D832ED90C7A005C5E6E /* Build configuration list for PBXProject "CarCare" */ = {
			isa = XCConfigurationList;
			buildConfigurations = (
				60988DA72ED90C7E005C5E6E /* Debug */,
				60988DA82ED90C7E005C5E6E /* Release */,
			);
			defaultConfigurationIsVisible = 0;
			defaultConfigurationName = Release;
		};
		60988DA92ED90C7E005C5E6E /* Build configuration list for PBXNativeTarget "CarCare" */ = {
			isa = XCConfigurationList;
			buildConfigurations = (
				60988DAA2ED90C7E005C5E6E /* Debug */,
				60988DAB2ED90C7E005C5E6E /* Release */,
			);
			defaultConfigurationIsVisible = 0;
			defaultConfigurationName = Release;
		};
		60988DAC2ED90C7E005C5E6E /* Build configuration list for PBXNativeTarget "CarCareTests" */ = {
			isa = XCConfigurationList;
			buildConfigurations = (
				60988DAD2ED90C7E005C5E6E /* Debug */,
				60988DAE2ED90C7E005C5E6E /* Release */,
			);
			defaultConfigurationIsVisible = 0;
			defaultConfigurationName = Release;
		};
		60988DAF2ED90C7E005C5E6E /* Build configuration list for PBXNativeTarget "CarCareUITests" */ = {
			isa = XCConfigurationList;
			buildConfigurations = (
				60988DB02ED90C7E005C5E6E /* Debug */,
				60988DB12ED90C7E005C5E6E /* Release */,
			);
			defaultConfigurationIsVisible = 0;
			defaultConfigurationName = Release;
		};
/* End XCConfigurationList section */

/* Begin XCRemoteSwiftPackageReference section */
		60988DBA2ED915F5005C5E6E /* XCRemoteSwiftPackageReference "firebase-ios-sdk" */ = {
			isa = XCRemoteSwiftPackageReference;
			repositoryURL = "https://github.com/firebase/firebase-ios-sdk";
			requirement = {
				kind = upToNextMajorVersion;
				minimumVersion = 12.6.0;
			};
		};
/* End XCRemoteSwiftPackageReference section */

/* Begin XCSwiftPackageProductDependency section */
		604540D02ED91C1B0025919E /* FirebaseAuth */ = {
			isa = XCSwiftPackageProductDependency;
			package = 60988DBA2ED915F5005C5E6E /* XCRemoteSwiftPackageReference "firebase-ios-sdk" */;
			productName = FirebaseAuth;
		};
		604540D22ED91CF30025919E /* FirebaseFirestore */ = {
			isa = XCSwiftPackageProductDependency;
			package = 60988DBA2ED915F5005C5E6E /* XCRemoteSwiftPackageReference "firebase-ios-sdk" */;
			productName = FirebaseFirestore;
		};
		604E1D1D2EDBE306009D3638 /* FirebaseStorage */ = {
			isa = XCSwiftPackageProductDependency;
			package = 60988DBA2ED915F5005C5E6E /* XCRemoteSwiftPackageReference "firebase-ios-sdk" */;
			productName = FirebaseStorage;
		};
/* End XCSwiftPackageProductDependency section */
	};
	rootObject = 60988D802ED90C7A005C5E6E /* Project object */;
}
